// !$*UTF8*$!
{
	archiveVersion = 1;
	classes = {
	};
	objectVersion = 77;
	objects = {

/* Begin PBXBuildFile section */
		4A2E078D2D9AAF0E00BB6A09 /* README.md in Resources */ = {isa = PBXBuildFile; fileRef = 4A2E078C2D9AAF0500BB6A09 /* README.md */; };
		4A963BEB2DD1032300FC6D9E /* GRPCCodeGen in Frameworks */ = {isa = PBXBuildFile; productRef = 4A963BEA2DD1032300FC6D9E /* GRPCCodeGen */; };
		4A963BED2DD1032300FC6D9E /* GRPCCore in Frameworks */ = {isa = PBXBuildFile; productRef = 4A963BEC2DD1032300FC6D9E /* GRPCCore */; };
		4A963BEF2DD1032300FC6D9E /* GRPCInProcessTransport in Frameworks */ = {isa = PBXBuildFile; productRef = 4A963BEE2DD1032300FC6D9E /* GRPCInProcessTransport */; };
		4A963BF12DD106DA00FC6D9E /* SwiftProtobuf in Frameworks */ = {isa = PBXBuildFile; productRef = 4A963BF02DD106DA00FC6D9E /* SwiftProtobuf */; };
		4A963BF32DD106DA00FC6D9E /* SwiftProtobufPluginLibrary in Frameworks */ = {isa = PBXBuildFile; productRef = 4A963BF22DD106DA00FC6D9E /* SwiftProtobufPluginLibrary */; };
		4A963BF52DD106DA00FC6D9E /* protoc-gen-swift in Frameworks */ = {isa = PBXBuildFile; productRef = 4A963BF42DD106DA00FC6D9E /* protoc-gen-swift */; };
		4A963C102DD1299900FC6D9E /* GRPCProtobuf in Frameworks */ = {isa = PBXBuildFile; productRef = 4A963C0F2DD1299900FC6D9E /* GRPCProtobuf */; };
		4A963C122DD1299900FC6D9E /* protoc-gen-grpc-swift in Frameworks */ = {isa = PBXBuildFile; productRef = 4A963C112DD1299900FC6D9E /* protoc-gen-grpc-swift */; };
		4AA87A062DD9AF1E004747FE /* GRPCNIOTransportHTTP2 in Frameworks */ = {isa = PBXBuildFile; productRef = 4AA87A052DD9AF1E004747FE /* GRPCNIOTransportHTTP2 */; };
		4AA87A082DD9AF1E004747FE /* GRPCNIOTransportHTTP2Posix in Frameworks */ = {isa = PBXBuildFile; productRef = 4AA87A072DD9AF1E004747FE /* GRPCNIOTransportHTTP2Posix */; };
		4AA87A0A2DD9AF1E004747FE /* GRPCNIOTransportHTTP2TransportServices in Frameworks */ = {isa = PBXBuildFile; productRef = 4AA87A092DD9AF1E004747FE /* GRPCNIOTransportHTTP2TransportServices */; };
		4AE30AEE2DD0E961009E5BAE /* IQKeyboardManagerSwift in Frameworks */ = {isa = PBXBuildFile; productRef = 4AE30AED2DD0E961009E5BAE /* IQKeyboardManagerSwift */; };
		4AE30AF12DD0E9BB009E5BAE /* GRPCCodeGen in Frameworks */ = {isa = PBXBuildFile; productRef = 4AE30AF02DD0E9BB009E5BAE /* GRPCCodeGen */; };
		4AE30AF32DD0E9BB009E5BAE /* GRPCCore in Frameworks */ = {isa = PBXBuildFile; productRef = 4AE30AF22DD0E9BB009E5BAE /* GRPCCore */; };
		4AE30AF52DD0E9BB009E5BAE /* GRPCInProcessTransport in Frameworks */ = {isa = PBXBuildFile; productRef = 4AE30AF42DD0E9BB009E5BAE /* GRPCInProcessTransport */; };
		4AE30AFC2DD0F24F009E5BAE /* SwiftProtobuf in Frameworks */ = {isa = PBXBuildFile; productRef = 4AE30AFB2DD0F24F009E5BAE /* SwiftProtobuf */; };
		4AE30AFE2DD0F24F009E5BAE /* SwiftProtobufPluginLibrary in Frameworks */ = {isa = PBXBuildFile; productRef = 4AE30AFD2DD0F24F009E5BAE /* SwiftProtobufPluginLibrary */; };
		4AE30B002DD0F24F009E5BAE /* protoc-gen-swift in Frameworks */ = {isa = PBXBuildFile; productRef = 4AE30AFF2DD0F24F009E5BAE /* protoc-gen-swift */; };
/* End PBXBuildFile section */

/* Begin PBXContainerItemProxy section */
		4A9EA9322D7F050C00915C0A /* PBXContainerItemProxy */ = {
			isa = PBXContainerItemProxy;
			containerPortal = 4A9EA9132D7F050B00915C0A /* Project object */;
			proxyType = 1;
			remoteGlobalIDString = 4A9EA91A2D7F050B00915C0A;
			remoteInfo = SigmaBank;
		};
		4A9EA93C2D7F050C00915C0A /* PBXContainerItemProxy */ = {
			isa = PBXContainerItemProxy;
			containerPortal = 4A9EA9132D7F050B00915C0A /* Project object */;
			proxyType = 1;
			remoteGlobalIDString = 4A9EA91A2D7F050B00915C0A;
			remoteInfo = SigmaBank;
		};
/* End PBXContainerItemProxy section */

/* Begin PBXFileReference section */
		4A2E078C2D9AAF0500BB6A09 /* README.md */ = {isa = PBXFileReference; lastKnownFileType = net.daringfireball.markdown; path = README.md; sourceTree = "<group>"; };
		4A9EA91B2D7F050B00915C0A /* SigmaBank.app */ = {isa = PBXFileReference; explicitFileType = wrapper.application; includeInIndex = 0; path = SigmaBank.app; sourceTree = BUILT_PRODUCTS_DIR; };
		4A9EA9312D7F050C00915C0A /* SigmaBankTests.xctest */ = {isa = PBXFileReference; explicitFileType = wrapper.cfbundle; includeInIndex = 0; path = SigmaBankTests.xctest; sourceTree = BUILT_PRODUCTS_DIR; };
		4A9EA93B2D7F050C00915C0A /* SigmaBankUITests.xctest */ = {isa = PBXFileReference; explicitFileType = wrapper.cfbundle; includeInIndex = 0; path = SigmaBankUITests.xctest; sourceTree = BUILT_PRODUCTS_DIR; };
/* End PBXFileReference section */

/* Begin PBXFileSystemSynchronizedBuildFileExceptionSet section */
		4A9EA9432D7F050C00915C0A /* Exceptions for "SigmaBank" folder in "SigmaBank" target */ = {
			isa = PBXFileSystemSynchronizedBuildFileExceptionSet;
			membershipExceptions = (
				Info.plist,
			);
			target = 4A9EA91A2D7F050B00915C0A /* SigmaBank */;
		};
/* End PBXFileSystemSynchronizedBuildFileExceptionSet section */

/* Begin PBXFileSystemSynchronizedRootGroup section */
		4A9EA91D2D7F050B00915C0A /* SigmaBank */ = {
			isa = PBXFileSystemSynchronizedRootGroup;
			exceptions = (
				4A9EA9432D7F050C00915C0A /* Exceptions for "SigmaBank" folder in "SigmaBank" target */,
			);
			path = SigmaBank;
			sourceTree = "<group>";
		};
		4A9EA9342D7F050C00915C0A /* SigmaBankTests */ = {
			isa = PBXFileSystemSynchronizedRootGroup;
			path = SigmaBankTests;
			sourceTree = "<group>";
		};
		4A9EA93E2D7F050C00915C0A /* SigmaBankUITests */ = {
			isa = PBXFileSystemSynchronizedRootGroup;
			path = SigmaBankUITests;
			sourceTree = "<group>";
		};
/* End PBXFileSystemSynchronizedRootGroup section */

/* Begin PBXFrameworksBuildPhase section */
		4A9EA9182D7F050B00915C0A /* Frameworks */ = {
			isa = PBXFrameworksBuildPhase;
			buildActionMask = 2147483647;
			files = (
				4A963BF52DD106DA00FC6D9E /* protoc-gen-swift in Frameworks */,
				4A963BF32DD106DA00FC6D9E /* SwiftProtobufPluginLibrary in Frameworks */,
				4AE30AFE2DD0F24F009E5BAE /* SwiftProtobufPluginLibrary in Frameworks */,
				4AE30AF12DD0E9BB009E5BAE /* GRPCCodeGen in Frameworks */,
				4AA87A0A2DD9AF1E004747FE /* GRPCNIOTransportHTTP2TransportServices in Frameworks */,
				4AA87A082DD9AF1E004747FE /* GRPCNIOTransportHTTP2Posix in Frameworks */,
				4AE30AF52DD0E9BB009E5BAE /* GRPCInProcessTransport in Frameworks */,
				4AE30AF32DD0E9BB009E5BAE /* GRPCCore in Frameworks */,
				4AA87A062DD9AF1E004747FE /* GRPCNIOTransportHTTP2 in Frameworks */,
				4A963BF12DD106DA00FC6D9E /* SwiftProtobuf in Frameworks */,
				4A963C102DD1299900FC6D9E /* GRPCProtobuf in Frameworks */,
				4A963BED2DD1032300FC6D9E /* GRPCCore in Frameworks */,
				4A963BEB2DD1032300FC6D9E /* GRPCCodeGen in Frameworks */,
				4AE30AFC2DD0F24F009E5BAE /* SwiftProtobuf in Frameworks */,
				4A963BEF2DD1032300FC6D9E /* GRPCInProcessTransport in Frameworks */,
				4AE30AEE2DD0E961009E5BAE /* IQKeyboardManagerSwift in Frameworks */,
				4AE30B002DD0F24F009E5BAE /* protoc-gen-swift in Frameworks */,
				4A963C122DD1299900FC6D9E /* protoc-gen-grpc-swift in Frameworks */,
			);
			runOnlyForDeploymentPostprocessing = 0;
		};
		4A9EA92E2D7F050C00915C0A /* Frameworks */ = {
			isa = PBXFrameworksBuildPhase;
			buildActionMask = 2147483647;
			files = (
			);
			runOnlyForDeploymentPostprocessing = 0;
		};
		4A9EA9382D7F050C00915C0A /* Frameworks */ = {
			isa = PBXFrameworksBuildPhase;
			buildActionMask = 2147483647;
			files = (
			);
			runOnlyForDeploymentPostprocessing = 0;
		};
/* End PBXFrameworksBuildPhase section */

/* Begin PBXGroup section */
		4A9EA9122D7F050B00915C0A = {
			isa = PBXGroup;
			children = (
				4A2E078C2D9AAF0500BB6A09 /* README.md */,
				4A9EA91D2D7F050B00915C0A /* SigmaBank */,
				4A9EA9342D7F050C00915C0A /* SigmaBankTests */,
				4A9EA93E2D7F050C00915C0A /* SigmaBankUITests */,
				4A9EA91C2D7F050B00915C0A /* Products */,
			);
			sourceTree = "<group>";
		};
		4A9EA91C2D7F050B00915C0A /* Products */ = {
			isa = PBXGroup;
			children = (
				4A9EA91B2D7F050B00915C0A /* SigmaBank.app */,
				4A9EA9312D7F050C00915C0A /* SigmaBankTests.xctest */,
				4A9EA93B2D7F050C00915C0A /* SigmaBankUITests.xctest */,
			);
			name = Products;
			sourceTree = "<group>";
		};
/* End PBXGroup section */

/* Begin PBXNativeTarget section */
		4A9EA91A2D7F050B00915C0A /* SigmaBank */ = {
			isa = PBXNativeTarget;
			buildConfigurationList = 4A9EA9442D7F050C00915C0A /* Build configuration list for PBXNativeTarget "SigmaBank" */;
			buildPhases = (
				4A253BAB2DD0E46400BC196A /* Build Protos */,
				4A9EA9172D7F050B00915C0A /* Sources */,
				4A9EA9182D7F050B00915C0A /* Frameworks */,
				4A9EA9192D7F050B00915C0A /* Resources */,
			);
			buildRules = (
			);
			dependencies = (
			);
			fileSystemSynchronizedGroups = (
				4A9EA91D2D7F050B00915C0A /* SigmaBank */,
			);
			name = SigmaBank;
			productName = SigmaBank;
			productReference = 4A9EA91B2D7F050B00915C0A /* SigmaBank.app */;
			productType = "com.apple.product-type.application";
		};
		4A9EA9302D7F050C00915C0A /* SigmaBankTests */ = {
			isa = PBXNativeTarget;
			buildConfigurationList = 4A9EA9492D7F050C00915C0A /* Build configuration list for PBXNativeTarget "SigmaBankTests" */;
			buildPhases = (
				4A9EA92D2D7F050C00915C0A /* Sources */,
				4A9EA92E2D7F050C00915C0A /* Frameworks */,
				4A9EA92F2D7F050C00915C0A /* Resources */,
			);
			buildRules = (
			);
			dependencies = (
				4A9EA9332D7F050C00915C0A /* PBXTargetDependency */,
			);
			fileSystemSynchronizedGroups = (
				4A9EA9342D7F050C00915C0A /* SigmaBankTests */,
			);
			name = SigmaBankTests;
			productName = SigmaBankTests;
			productReference = 4A9EA9312D7F050C00915C0A /* SigmaBankTests.xctest */;
			productType = "com.apple.product-type.bundle.unit-test";
		};
		4A9EA93A2D7F050C00915C0A /* SigmaBankUITests */ = {
			isa = PBXNativeTarget;
			buildConfigurationList = 4A9EA94C2D7F050C00915C0A /* Build configuration list for PBXNativeTarget "SigmaBankUITests" */;
			buildPhases = (
				4A9EA9372D7F050C00915C0A /* Sources */,
				4A9EA9382D7F050C00915C0A /* Frameworks */,
				4A9EA9392D7F050C00915C0A /* Resources */,
			);
			buildRules = (
			);
			dependencies = (
				4A9EA93D2D7F050C00915C0A /* PBXTargetDependency */,
			);
			fileSystemSynchronizedGroups = (
				4A9EA93E2D7F050C00915C0A /* SigmaBankUITests */,
			);
			name = SigmaBankUITests;
			productName = SigmaBankUITests;
			productReference = 4A9EA93B2D7F050C00915C0A /* SigmaBankUITests.xctest */;
			productType = "com.apple.product-type.bundle.ui-testing";
		};
/* End PBXNativeTarget section */

/* Begin PBXProject section */
		4A9EA9132D7F050B00915C0A /* Project object */ = {
			isa = PBXProject;
			attributes = {
				BuildIndependentTargetsInParallel = 1;
				LastSwiftUpdateCheck = 1620;
				LastUpgradeCheck = 1620;
				TargetAttributes = {
					4A9EA91A2D7F050B00915C0A = {
						CreatedOnToolsVersion = 16.2;
					};
					4A9EA9302D7F050C00915C0A = {
						CreatedOnToolsVersion = 16.2;
						TestTargetID = 4A9EA91A2D7F050B00915C0A;
					};
					4A9EA93A2D7F050C00915C0A = {
						CreatedOnToolsVersion = 16.2;
						TestTargetID = 4A9EA91A2D7F050B00915C0A;
					};
				};
			};
			buildConfigurationList = 4A9EA9162D7F050B00915C0A /* Build configuration list for PBXProject "SigmaBank" */;
			developmentRegion = en;
			hasScannedForEncodings = 0;
			knownRegions = (
				en,
				Base,
			);
			mainGroup = 4A9EA9122D7F050B00915C0A;
			minimizedProjectReferenceProxies = 1;
			packageReferences = (
				4AE30AEC2DD0E961009E5BAE /* XCRemoteSwiftPackageReference "IQKeyboardManager" */,
				4AE30AEF2DD0E9BB009E5BAE /* XCRemoteSwiftPackageReference "grpc-swift" */,
				4AE30AFA2DD0F24F009E5BAE /* XCRemoteSwiftPackageReference "swift-protobuf" */,
				4A963C062DD1183000FC6D9E /* XCRemoteSwiftPackageReference "grpc-swift-protobuf" */,
				4AA87A042DD9AF1E004747FE /* XCRemoteSwiftPackageReference "grpc-swift-nio-transport" */,
			);
			preferredProjectObjectVersion = 77;
			productRefGroup = 4A9EA91C2D7F050B00915C0A /* Products */;
			projectDirPath = "";
			projectRoot = "";
			targets = (
				4A9EA91A2D7F050B00915C0A /* SigmaBank */,
				4A9EA9302D7F050C00915C0A /* SigmaBankTests */,
				4A9EA93A2D7F050C00915C0A /* SigmaBankUITests */,
			);
		};
/* End PBXProject section */

/* Begin PBXResourcesBuildPhase section */
		4A9EA9192D7F050B00915C0A /* Resources */ = {
			isa = PBXResourcesBuildPhase;
			buildActionMask = 2147483647;
			files = (
				4A2E078D2D9AAF0E00BB6A09 /* README.md in Resources */,
			);
			runOnlyForDeploymentPostprocessing = 0;
		};
		4A9EA92F2D7F050C00915C0A /* Resources */ = {
			isa = PBXResourcesBuildPhase;
			buildActionMask = 2147483647;
			files = (
			);
			runOnlyForDeploymentPostprocessing = 0;
		};
		4A9EA9392D7F050C00915C0A /* Resources */ = {
			isa = PBXResourcesBuildPhase;
			buildActionMask = 2147483647;
			files = (
			);
			runOnlyForDeploymentPostprocessing = 0;
		};
/* End PBXResourcesBuildPhase section */

/* Begin PBXShellScriptBuildPhase section */
		4A253BAB2DD0E46400BC196A /* Build Protos */ = {
			isa = PBXShellScriptBuildPhase;
			buildActionMask = 2147483647;
			files = (
			);
			inputFileListPaths = (
			);
			inputPaths = (
			);
			name = "Build Protos";
			outputFileListPaths = (
			);
			outputPaths = (
			);
			runOnlyForDeploymentPostprocessing = 0;
			shellPath = /bin/sh;
			shellScript = "export PATH=\"$PATH:/opt/homebrew/bin\"\n\nPROTO_ROOT=\"${SRCROOT}/SigmaBank/Protos\"\nOUT_DIR=\"${SRCROOT}/SigmaBank/Generated\"\n\nmkdir -p \"$OUT_DIR\"\n\n/opt/homebrew/bin/protoc \\\n    --swift_out=\"$OUT_DIR\" \\\n    --grpc-swift_out=\"$OUT_DIR\" \\\n    --proto_path=\"$PROTO_ROOT\" \\\n    \"$PROTO_ROOT\"/*.proto\n    \n";
		};
/* End PBXShellScriptBuildPhase section */

/* Begin PBXSourcesBuildPhase section */
		4A9EA9172D7F050B00915C0A /* Sources */ = {
			isa = PBXSourcesBuildPhase;
			buildActionMask = 2147483647;
			files = (
			);
			runOnlyForDeploymentPostprocessing = 0;
		};
		4A9EA92D2D7F050C00915C0A /* Sources */ = {
			isa = PBXSourcesBuildPhase;
			buildActionMask = 2147483647;
			files = (
			);
			runOnlyForDeploymentPostprocessing = 0;
		};
		4A9EA9372D7F050C00915C0A /* Sources */ = {
			isa = PBXSourcesBuildPhase;
			buildActionMask = 2147483647;
			files = (
			);
			runOnlyForDeploymentPostprocessing = 0;
		};
/* End PBXSourcesBuildPhase section */

/* Begin PBXTargetDependency section */
		4A9EA9332D7F050C00915C0A /* PBXTargetDependency */ = {
			isa = PBXTargetDependency;
			target = 4A9EA91A2D7F050B00915C0A /* SigmaBank */;
			targetProxy = 4A9EA9322D7F050C00915C0A /* PBXContainerItemProxy */;
		};
		4A9EA93D2D7F050C00915C0A /* PBXTargetDependency */ = {
			isa = PBXTargetDependency;
			target = 4A9EA91A2D7F050B00915C0A /* SigmaBank */;
			targetProxy = 4A9EA93C2D7F050C00915C0A /* PBXContainerItemProxy */;
		};
/* End PBXTargetDependency section */

/* Begin XCBuildConfiguration section */
		4A9EA9452D7F050C00915C0A /* Debug */ = {
			isa = XCBuildConfiguration;
			buildSettings = {
				ASSETCATALOG_COMPILER_APPICON_NAME = AppIcon;
				ASSETCATALOG_COMPILER_GLOBAL_ACCENT_COLOR_NAME = AccentColor;
				CODE_SIGN_STYLE = Automatic;
				CURRENT_PROJECT_VERSION = 1;
				GENERATE_INFOPLIST_FILE = YES;
				INFOPLIST_FILE = SigmaBank/Info.plist;
				INFOPLIST_KEY_CFBundleDisplayName = "Sigma Bank";
				INFOPLIST_KEY_UIApplicationSupportsIndirectInputEvents = YES;
				INFOPLIST_KEY_UILaunchStoryboardName = LaunchScreen;
				INFOPLIST_KEY_UISupportedInterfaceOrientations = UIInterfaceOrientationPortrait;
				INFOPLIST_KEY_UISupportedInterfaceOrientations_iPad = "UIInterfaceOrientationLandscapeLeft UIInterfaceOrientationLandscapeRight UIInterfaceOrientationPortrait UIInterfaceOrientationPortraitUpsideDown";
				IPHONEOS_DEPLOYMENT_TARGET = 18.2;
				LD_RUNPATH_SEARCH_PATHS = (
					"$(inherited)",
					"@executable_path/Frameworks",
				);
				MARKETING_VERSION = 1.0;
				PRODUCT_BUNDLE_IDENTIFIER = xplago.SigmaBank;
				PRODUCT_NAME = "$(TARGET_NAME)";
				SUPPORTED_PLATFORMS = "iphoneos iphonesimulator";
				SUPPORTS_MACCATALYST = NO;
				SUPPORTS_MAC_DESIGNED_FOR_IPHONE_IPAD = NO;
				SUPPORTS_XR_DESIGNED_FOR_IPHONE_IPAD = NO;
				SWIFT_EMIT_LOC_STRINGS = YES;
				SWIFT_VERSION = 5.0;
				TARGETED_DEVICE_FAMILY = 1;
			};
			name = Debug;
		};
		4A9EA9462D7F050C00915C0A /* Release */ = {
			isa = XCBuildConfiguration;
			buildSettings = {
				ASSETCATALOG_COMPILER_APPICON_NAME = AppIcon;
				ASSETCATALOG_COMPILER_GLOBAL_ACCENT_COLOR_NAME = AccentColor;
				CODE_SIGN_STYLE = Automatic;
				CURRENT_PROJECT_VERSION = 1;
				GENERATE_INFOPLIST_FILE = YES;
				INFOPLIST_FILE = SigmaBank/Info.plist;
				INFOPLIST_KEY_CFBundleDisplayName = "Sigma Bank";
				INFOPLIST_KEY_UIApplicationSupportsIndirectInputEvents = YES;
				INFOPLIST_KEY_UILaunchStoryboardName = LaunchScreen;
				INFOPLIST_KEY_UISupportedInterfaceOrientations = UIInterfaceOrientationPortrait;
				INFOPLIST_KEY_UISupportedInterfaceOrientations_iPad = "UIInterfaceOrientationLandscapeLeft UIInterfaceOrientationLandscapeRight UIInterfaceOrientationPortrait UIInterfaceOrientationPortraitUpsideDown";
				IPHONEOS_DEPLOYMENT_TARGET = 18.2;
				LD_RUNPATH_SEARCH_PATHS = (
					"$(inherited)",
					"@executable_path/Frameworks",
				);
				MARKETING_VERSION = 1.0;
				PRODUCT_BUNDLE_IDENTIFIER = xplago.SigmaBank;
				PRODUCT_NAME = "$(TARGET_NAME)";
				SUPPORTED_PLATFORMS = "iphoneos iphonesimulator";
				SUPPORTS_MACCATALYST = NO;
				SUPPORTS_MAC_DESIGNED_FOR_IPHONE_IPAD = NO;
				SUPPORTS_XR_DESIGNED_FOR_IPHONE_IPAD = NO;
				SWIFT_EMIT_LOC_STRINGS = YES;
				SWIFT_VERSION = 5.0;
				TARGETED_DEVICE_FAMILY = 1;
			};
			name = Release;
		};
		4A9EA9472D7F050C00915C0A /* Debug */ = {
			isa = XCBuildConfiguration;
			buildSettings = {
				ALWAYS_SEARCH_USER_PATHS = NO;
				ASSETCATALOG_COMPILER_GENERATE_SWIFT_ASSET_SYMBOL_EXTENSIONS = YES;
				CLANG_ANALYZER_NONNULL = YES;
				CLANG_ANALYZER_NUMBER_OBJECT_CONVERSION = YES_AGGRESSIVE;
				CLANG_CXX_LANGUAGE_STANDARD = "gnu++20";
				CLANG_ENABLE_MODULES = YES;
				CLANG_ENABLE_OBJC_ARC = YES;
				CLANG_ENABLE_OBJC_WEAK = YES;
				CLANG_WARN_BLOCK_CAPTURE_AUTORELEASING = YES;
				CLANG_WARN_BOOL_CONVERSION = YES;
				CLANG_WARN_COMMA = YES;
				CLANG_WARN_CONSTANT_CONVERSION = YES;
				CLANG_WARN_DEPRECATED_OBJC_IMPLEMENTATIONS = YES;
				CLANG_WARN_DIRECT_OBJC_ISA_USAGE = YES_ERROR;
				CLANG_WARN_DOCUMENTATION_COMMENTS = YES;
				CLANG_WARN_EMPTY_BODY = YES;
				CLANG_WARN_ENUM_CONVERSION = YES;
				CLANG_WARN_INFINITE_RECURSION = YES;
				CLANG_WARN_INT_CONVERSION = YES;
				CLANG_WARN_NON_LITERAL_NULL_CONVERSION = YES;
				CLANG_WARN_OBJC_IMPLICIT_RETAIN_SELF = YES;
				CLANG_WARN_OBJC_LITERAL_CONVERSION = YES;
				CLANG_WARN_OBJC_ROOT_CLASS = YES_ERROR;
				CLANG_WARN_QUOTED_INCLUDE_IN_FRAMEWORK_HEADER = YES;
				CLANG_WARN_RANGE_LOOP_ANALYSIS = YES;
				CLANG_WARN_STRICT_PROTOTYPES = YES;
				CLANG_WARN_SUSPICIOUS_MOVE = YES;
				CLANG_WARN_UNGUARDED_AVAILABILITY = YES_AGGRESSIVE;
				CLANG_WARN_UNREACHABLE_CODE = YES;
				CLANG_WARN__DUPLICATE_METHOD_MATCH = YES;
				COPY_PHASE_STRIP = NO;
				DEBUG_INFORMATION_FORMAT = dwarf;
				ENABLE_STRICT_OBJC_MSGSEND = YES;
				ENABLE_TESTABILITY = YES;
				ENABLE_USER_SCRIPT_SANDBOXING = NO;
				GCC_C_LANGUAGE_STANDARD = gnu17;
				GCC_DYNAMIC_NO_PIC = NO;
				GCC_NO_COMMON_BLOCKS = YES;
				GCC_OPTIMIZATION_LEVEL = 0;
				GCC_PREPROCESSOR_DEFINITIONS = (
					"DEBUG=1",
					"$(inherited)",
				);
				GCC_WARN_64_TO_32_BIT_CONVERSION = YES;
				GCC_WARN_ABOUT_RETURN_TYPE = YES_ERROR;
				GCC_WARN_UNDECLARED_SELECTOR = YES;
				GCC_WARN_UNINITIALIZED_AUTOS = YES_AGGRESSIVE;
				GCC_WARN_UNUSED_FUNCTION = YES;
				GCC_WARN_UNUSED_VARIABLE = YES;
				IPHONEOS_DEPLOYMENT_TARGET = 18.2;
				LOCALIZATION_PREFERS_STRING_CATALOGS = YES;
				MTL_ENABLE_DEBUG_INFO = INCLUDE_SOURCE;
				MTL_FAST_MATH = YES;
				ONLY_ACTIVE_ARCH = YES;
				SDKROOT = iphoneos;
				SWIFT_ACTIVE_COMPILATION_CONDITIONS = "DEBUG $(inherited)";
				SWIFT_OPTIMIZATION_LEVEL = "-Onone";
			};
			name = Debug;
		};
		4A9EA9482D7F050C00915C0A /* Release */ = {
			isa = XCBuildConfiguration;
			buildSettings = {
				ALWAYS_SEARCH_USER_PATHS = NO;
				ASSETCATALOG_COMPILER_GENERATE_SWIFT_ASSET_SYMBOL_EXTENSIONS = YES;
				CLANG_ANALYZER_NONNULL = YES;
				CLANG_ANALYZER_NUMBER_OBJECT_CONVERSION = YES_AGGRESSIVE;
				CLANG_CXX_LANGUAGE_STANDARD = "gnu++20";
				CLANG_ENABLE_MODULES = YES;
				CLANG_ENABLE_OBJC_ARC = YES;
				CLANG_ENABLE_OBJC_WEAK = YES;
				CLANG_WARN_BLOCK_CAPTURE_AUTORELEASING = YES;
				CLANG_WARN_BOOL_CONVERSION = YES;
				CLANG_WARN_COMMA = YES;
				CLANG_WARN_CONSTANT_CONVERSION = YES;
				CLANG_WARN_DEPRECATED_OBJC_IMPLEMENTATIONS = YES;
				CLANG_WARN_DIRECT_OBJC_ISA_USAGE = YES_ERROR;
				CLANG_WARN_DOCUMENTATION_COMMENTS = YES;
				CLANG_WARN_EMPTY_BODY = YES;
				CLANG_WARN_ENUM_CONVERSION = YES;
				CLANG_WARN_INFINITE_RECURSION = YES;
				CLANG_WARN_INT_CONVERSION = YES;
				CLANG_WARN_NON_LITERAL_NULL_CONVERSION = YES;
				CLANG_WARN_OBJC_IMPLICIT_RETAIN_SELF = YES;
				CLANG_WARN_OBJC_LITERAL_CONVERSION = YES;
				CLANG_WARN_OBJC_ROOT_CLASS = YES_ERROR;
				CLANG_WARN_QUOTED_INCLUDE_IN_FRAMEWORK_HEADER = YES;
				CLANG_WARN_RANGE_LOOP_ANALYSIS = YES;
				CLANG_WARN_STRICT_PROTOTYPES = YES;
				CLANG_WARN_SUSPICIOUS_MOVE = YES;
				CLANG_WARN_UNGUARDED_AVAILABILITY = YES_AGGRESSIVE;
				CLANG_WARN_UNREACHABLE_CODE = YES;
				CLANG_WARN__DUPLICATE_METHOD_MATCH = YES;
				COPY_PHASE_STRIP = NO;
				DEBUG_INFORMATION_FORMAT = "dwarf-with-dsym";
				ENABLE_NS_ASSERTIONS = NO;
				ENABLE_STRICT_OBJC_MSGSEND = YES;
				ENABLE_USER_SCRIPT_SANDBOXING = NO;
				GCC_C_LANGUAGE_STANDARD = gnu17;
				GCC_NO_COMMON_BLOCKS = YES;
				GCC_WARN_64_TO_32_BIT_CONVERSION = YES;
				GCC_WARN_ABOUT_RETURN_TYPE = YES_ERROR;
				GCC_WARN_UNDECLARED_SELECTOR = YES;
				GCC_WARN_UNINITIALIZED_AUTOS = YES_AGGRESSIVE;
				GCC_WARN_UNUSED_FUNCTION = YES;
				GCC_WARN_UNUSED_VARIABLE = YES;
				IPHONEOS_DEPLOYMENT_TARGET = 18.2;
				LOCALIZATION_PREFERS_STRING_CATALOGS = YES;
				MTL_ENABLE_DEBUG_INFO = NO;
				MTL_FAST_MATH = YES;
				SDKROOT = iphoneos;
				SWIFT_COMPILATION_MODE = wholemodule;
				VALIDATE_PRODUCT = YES;
			};
			name = Release;
		};
		4A9EA94A2D7F050C00915C0A /* Debug */ = {
			isa = XCBuildConfiguration;
			buildSettings = {
				BUNDLE_LOADER = "$(TEST_HOST)";
				CODE_SIGN_STYLE = Automatic;
				CURRENT_PROJECT_VERSION = 1;
				GENERATE_INFOPLIST_FILE = YES;
				IPHONEOS_DEPLOYMENT_TARGET = 18.2;
				MARKETING_VERSION = 1.0;
				PRODUCT_BUNDLE_IDENTIFIER = xplago.SigmaBankTests;
				PRODUCT_NAME = "$(TARGET_NAME)";
				SWIFT_EMIT_LOC_STRINGS = NO;
				SWIFT_VERSION = 5.0;
				TARGETED_DEVICE_FAMILY = "1,2";
				TEST_HOST = "$(BUILT_PRODUCTS_DIR)/SigmaBank.app/$(BUNDLE_EXECUTABLE_FOLDER_PATH)/SigmaBank";
			};
			name = Debug;
		};
		4A9EA94B2D7F050C00915C0A /* Release */ = {
			isa = XCBuildConfiguration;
			buildSettings = {
				BUNDLE_LOADER = "$(TEST_HOST)";
				CODE_SIGN_STYLE = Automatic;
				CURRENT_PROJECT_VERSION = 1;
				GENERATE_INFOPLIST_FILE = YES;
				IPHONEOS_DEPLOYMENT_TARGET = 18.2;
				MARKETING_VERSION = 1.0;
				PRODUCT_BUNDLE_IDENTIFIER = xplago.SigmaBankTests;
				PRODUCT_NAME = "$(TARGET_NAME)";
				SWIFT_EMIT_LOC_STRINGS = NO;
				SWIFT_VERSION = 5.0;
				TARGETED_DEVICE_FAMILY = "1,2";
				TEST_HOST = "$(BUILT_PRODUCTS_DIR)/SigmaBank.app/$(BUNDLE_EXECUTABLE_FOLDER_PATH)/SigmaBank";
			};
			name = Release;
		};
		4A9EA94D2D7F050C00915C0A /* Debug */ = {
			isa = XCBuildConfiguration;
			buildSettings = {
				CODE_SIGN_STYLE = Automatic;
				CURRENT_PROJECT_VERSION = 1;
				GENERATE_INFOPLIST_FILE = YES;
				MARKETING_VERSION = 1.0;
				PRODUCT_BUNDLE_IDENTIFIER = xplago.SigmaBankUITests;
				PRODUCT_NAME = "$(TARGET_NAME)";
				SWIFT_EMIT_LOC_STRINGS = NO;
				SWIFT_VERSION = 5.0;
				TARGETED_DEVICE_FAMILY = "1,2";
				TEST_TARGET_NAME = SigmaBank;
			};
			name = Debug;
		};
		4A9EA94E2D7F050C00915C0A /* Release */ = {
			isa = XCBuildConfiguration;
			buildSettings = {
				CODE_SIGN_STYLE = Automatic;
				CURRENT_PROJECT_VERSION = 1;
				GENERATE_INFOPLIST_FILE = YES;
				MARKETING_VERSION = 1.0;
				PRODUCT_BUNDLE_IDENTIFIER = xplago.SigmaBankUITests;
				PRODUCT_NAME = "$(TARGET_NAME)";
				SWIFT_EMIT_LOC_STRINGS = NO;
				SWIFT_VERSION = 5.0;
				TARGETED_DEVICE_FAMILY = "1,2";
				TEST_TARGET_NAME = SigmaBank;
			};
			name = Release;
		};
/* End XCBuildConfiguration section */

/* Begin XCConfigurationList section */
		4A9EA9162D7F050B00915C0A /* Build configuration list for PBXProject "SigmaBank" */ = {
			isa = XCConfigurationList;
			buildConfigurations = (
				4A9EA9472D7F050C00915C0A /* Debug */,
				4A9EA9482D7F050C00915C0A /* Release */,
			);
			defaultConfigurationIsVisible = 0;
			defaultConfigurationName = Release;
		};
		4A9EA9442D7F050C00915C0A /* Build configuration list for PBXNativeTarget "SigmaBank" */ = {
			isa = XCConfigurationList;
			buildConfigurations = (
				4A9EA9452D7F050C00915C0A /* Debug */,
				4A9EA9462D7F050C00915C0A /* Release */,
			);
			defaultConfigurationIsVisible = 0;
			defaultConfigurationName = Release;
		};
		4A9EA9492D7F050C00915C0A /* Build configuration list for PBXNativeTarget "SigmaBankTests" */ = {
			isa = XCConfigurationList;
			buildConfigurations = (
				4A9EA94A2D7F050C00915C0A /* Debug */,
				4A9EA94B2D7F050C00915C0A /* Release */,
			);
			defaultConfigurationIsVisible = 0;
			defaultConfigurationName = Release;
		};
		4A9EA94C2D7F050C00915C0A /* Build configuration list for PBXNativeTarget "SigmaBankUITests" */ = {
			isa = XCConfigurationList;
			buildConfigurations = (
				4A9EA94D2D7F050C00915C0A /* Debug */,
				4A9EA94E2D7F050C00915C0A /* Release */,
			);
			defaultConfigurationIsVisible = 0;
			defaultConfigurationName = Release;
		};
/* End XCConfigurationList section */

/* Begin XCRemoteSwiftPackageReference section */
		4A963C062DD1183000FC6D9E /* XCRemoteSwiftPackageReference "grpc-swift-protobuf" */ = {
			isa = XCRemoteSwiftPackageReference;
			repositoryURL = "https://github.com/grpc/grpc-swift-protobuf";
			requirement = {
				kind = upToNextMajorVersion;
				minimumVersion = 1.2.0;
			};
		};
		4AA87A042DD9AF1E004747FE /* XCRemoteSwiftPackageReference "grpc-swift-nio-transport" */ = {
			isa = XCRemoteSwiftPackageReference;
			repositoryURL = "https://github.com/grpc/grpc-swift-nio-transport";
			requirement = {
				kind = upToNextMajorVersion;
				minimumVersion = 1.1.0;
			};
		};
		4AE30AEC2DD0E961009E5BAE /* XCRemoteSwiftPackageReference "IQKeyboardManager" */ = {
			isa = XCRemoteSwiftPackageReference;
			repositoryURL = "https://github.com/hackiftekhar/IQKeyboardManager";
			requirement = {
				kind = upToNextMajorVersion;
				minimumVersion = 8.0.1;
			};
		};
		4AE30AEF2DD0E9BB009E5BAE /* XCRemoteSwiftPackageReference "grpc-swift" */ = {
			isa = XCRemoteSwiftPackageReference;
			repositoryURL = "https://github.com/grpc/grpc-swift";
			requirement = {
				kind = upToNextMajorVersion;
				minimumVersion = 2.1.2;
			};
		};
		4AE30AFA2DD0F24F009E5BAE /* XCRemoteSwiftPackageReference "swift-protobuf" */ = {
			isa = XCRemoteSwiftPackageReference;
			repositoryURL = "https://github.com/apple/swift-protobuf.git";
			requirement = {
				kind = upToNextMajorVersion;
				minimumVersion = 1.29.0;
			};
		};
/* End XCRemoteSwiftPackageReference section */

/* Begin XCSwiftPackageProductDependency section */
		4A963BEA2DD1032300FC6D9E /* GRPCCodeGen */ = {
			isa = XCSwiftPackageProductDependency;
			package = 4AE30AEF2DD0E9BB009E5BAE /* XCRemoteSwiftPackageReference "grpc-swift" */;
			productName = GRPCCodeGen;
		};
		4A963BEC2DD1032300FC6D9E /* GRPCCore */ = {
			isa = XCSwiftPackageProductDependency;
			package = 4AE30AEF2DD0E9BB009E5BAE /* XCRemoteSwiftPackageReference "grpc-swift" */;
			productName = GRPCCore;
		};
		4A963BEE2DD1032300FC6D9E /* GRPCInProcessTransport */ = {
			isa = XCSwiftPackageProductDependency;
			package = 4AE30AEF2DD0E9BB009E5BAE /* XCRemoteSwiftPackageReference "grpc-swift" */;
			productName = GRPCInProcessTransport;
		};
		4A963BF02DD106DA00FC6D9E /* SwiftProtobuf */ = {
			isa = XCSwiftPackageProductDependency;
			package = 4AE30AFA2DD0F24F009E5BAE /* XCRemoteSwiftPackageReference "swift-protobuf" */;
			productName = SwiftProtobuf;
		};
		4A963BF22DD106DA00FC6D9E /* SwiftProtobufPluginLibrary */ = {
			isa = XCSwiftPackageProductDependency;
			package = 4AE30AFA2DD0F24F009E5BAE /* XCRemoteSwiftPackageReference "swift-protobuf" */;
			productName = SwiftProtobufPluginLibrary;
		};
		4A963BF42DD106DA00FC6D9E /* protoc-gen-swift */ = {
			isa = XCSwiftPackageProductDependency;
			package = 4AE30AFA2DD0F24F009E5BAE /* XCRemoteSwiftPackageReference "swift-protobuf" */;
			productName = "protoc-gen-swift";
		};
		4A963C0F2DD1299900FC6D9E /* GRPCProtobuf */ = {
			isa = XCSwiftPackageProductDependency;
			package = 4A963C062DD1183000FC6D9E /* XCRemoteSwiftPackageReference "grpc-swift-protobuf" */;
			productName = GRPCProtobuf;
		};
		4A963C112DD1299900FC6D9E /* protoc-gen-grpc-swift */ = {
			isa = XCSwiftPackageProductDependency;
			package = 4A963C062DD1183000FC6D9E /* XCRemoteSwiftPackageReference "grpc-swift-protobuf" */;
			productName = "protoc-gen-grpc-swift";
		};
		4AA87A052DD9AF1E004747FE /* GRPCNIOTransportHTTP2 */ = {
			isa = XCSwiftPackageProductDependency;
			package = 4AA87A042DD9AF1E004747FE /* XCRemoteSwiftPackageReference "grpc-swift-nio-transport" */;
			productName = GRPCNIOTransportHTTP2;
		};
		4AA87A072DD9AF1E004747FE /* GRPCNIOTransportHTTP2Posix */ = {
			isa = XCSwiftPackageProductDependency;
			package = 4AA87A042DD9AF1E004747FE /* XCRemoteSwiftPackageReference "grpc-swift-nio-transport" */;
			productName = GRPCNIOTransportHTTP2Posix;
		};
		4AA87A092DD9AF1E004747FE /* GRPCNIOTransportHTTP2TransportServices */ = {
			isa = XCSwiftPackageProductDependency;
			package = 4AA87A042DD9AF1E004747FE /* XCRemoteSwiftPackageReference "grpc-swift-nio-transport" */;
			productName = GRPCNIOTransportHTTP2TransportServices;
		};
		4AE30AED2DD0E961009E5BAE /* IQKeyboardManagerSwift */ = {
			isa = XCSwiftPackageProductDependency;
			package = 4AE30AEC2DD0E961009E5BAE /* XCRemoteSwiftPackageReference "IQKeyboardManager" */;
			productName = IQKeyboardManagerSwift;
		};
		4AE30AF02DD0E9BB009E5BAE /* GRPCCodeGen */ = {
			isa = XCSwiftPackageProductDependency;
			package = 4AE30AEF2DD0E9BB009E5BAE /* XCRemoteSwiftPackageReference "grpc-swift" */;
			productName = GRPCCodeGen;
		};
		4AE30AF22DD0E9BB009E5BAE /* GRPCCore */ = {
			isa = XCSwiftPackageProductDependency;
			package = 4AE30AEF2DD0E9BB009E5BAE /* XCRemoteSwiftPackageReference "grpc-swift" */;
			productName = GRPCCore;
		};
		4AE30AF42DD0E9BB009E5BAE /* GRPCInProcessTransport */ = {
			isa = XCSwiftPackageProductDependency;
			package = 4AE30AEF2DD0E9BB009E5BAE /* XCRemoteSwiftPackageReference "grpc-swift" */;
			productName = GRPCInProcessTransport;
		};
		4AE30AFB2DD0F24F009E5BAE /* SwiftProtobuf */ = {
			isa = XCSwiftPackageProductDependency;
			package = 4AE30AFA2DD0F24F009E5BAE /* XCRemoteSwiftPackageReference "swift-protobuf" */;
			productName = SwiftProtobuf;
		};
		4AE30AFD2DD0F24F009E5BAE /* SwiftProtobufPluginLibrary */ = {
			isa = XCSwiftPackageProductDependency;
			package = 4AE30AFA2DD0F24F009E5BAE /* XCRemoteSwiftPackageReference "swift-protobuf" */;
			productName = SwiftProtobufPluginLibrary;
		};
		4AE30AFF2DD0F24F009E5BAE /* protoc-gen-swift */ = {
			isa = XCSwiftPackageProductDependency;
			package = 4AE30AFA2DD0F24F009E5BAE /* XCRemoteSwiftPackageReference "swift-protobuf" */;
			productName = "protoc-gen-swift";
		};
/* End XCSwiftPackageProductDependency section */
	};
	rootObject = 4A9EA9132D7F050B00915C0A /* Project object */;
}
